
Microsoft Visual Studio Solution File, Format Version 11.00
# Visual Studio 2010
Project("{FAE04EC0-301F-11D3-BF4B-00C04F79EFBC}") = "Lee_Assignment5", "Assembly-CSharp.csproj", "{A325DF56-EFB5-9075-748F-22C63DF87D51}"
EndProject
Global
	GlobalSection(SolutionConfigurationPlatforms) = preSolution
		Debug|Any CPU = Debug|Any CPU
		Release|Any CPU = Release|Any CPU
	EndGlobalSection
	GlobalSection(ProjectConfigurationPlatforms) = postSolution
		{A325DF56-EFB5-9075-748F-22C63DF87D51}.Debug|Any CPU.ActiveCfg = Debug|Any CPU
		{A325DF56-EFB5-9075-748F-22C63DF87D51}.Debug|Any CPU.Build.0 = Debug|Any CPU
		{A325DF56-EFB5-9075-748F-22C63DF87D51}.Release|Any CPU.ActiveCfg = Release|Any CPU
		{A325DF56-EFB5-9075-748F-22C63DF87D51}.Release|Any CPU.Build.0 = Release|Any CPU
	EndGlobalSection
	GlobalSection(SolutionProperties) = preSolution
		HideSolutionNode = FALSE
	EndGlobalSection
	GlobalSection(MonoDevelopProperties) = preSolution
		StartupItem = Assembly-CSharp.csproj
	EndGlobalSection
EndGlobal
